// !$*UTF8*$!
{
	archiveVersion = 1;
	classes = {
	};
	objectVersion = 51;
	objects = {

/* Begin PBXBuildFile section */
		3B2C146D9C95A4CE77BC3451 /* Pods_ios_app_ios_appUITests.framework in Frameworks */ = {isa = PBXBuildFile; fileRef = FB708098455B9911E343656E /* Pods_ios_app_ios_appUITests.framework */; };
		6FF585AE2ACF8A115D5F70E5 /* Pods_ios_app.framework in Frameworks */ = {isa = PBXBuildFile; fileRef = 42DA681821F697FCCD3BBC35 /* Pods_ios_app.framework */; };
		7CE6C194242A01790087E0F3 /* AppDelegate.swift in Sources */ = {isa = PBXBuildFile; fileRef = 7CE6C193242A01790087E0F3 /* AppDelegate.swift */; };
		7CE6C196242A01790087E0F3 /* SceneDelegate.swift in Sources */ = {isa = PBXBuildFile; fileRef = 7CE6C195242A01790087E0F3 /* SceneDelegate.swift */; };
		7CE6C198242A01790087E0F3 /* ViewController.swift in Sources */ = {isa = PBXBuildFile; fileRef = 7CE6C197242A01790087E0F3 /* ViewController.swift */; };
		7CE6C19B242A01790087E0F3 /* Main.storyboard in Resources */ = {isa = PBXBuildFile; fileRef = 7CE6C199242A01790087E0F3 /* Main.storyboard */; };
		7CE6C19D242A017A0087E0F3 /* Assets.xcassets in Resources */ = {isa = PBXBuildFile; fileRef = 7CE6C19C242A017A0087E0F3 /* Assets.xcassets */; };
		7CE6C1A0242A017A0087E0F3 /* LaunchScreen.storyboard in Resources */ = {isa = PBXBuildFile; fileRef = 7CE6C19E242A017A0087E0F3 /* LaunchScreen.storyboard */; };
		7CE6C1AB242A017B0087E0F3 /* ios_appTests.swift in Sources */ = {isa = PBXBuildFile; fileRef = 7CE6C1AA242A017B0087E0F3 /* ios_appTests.swift */; };
		7CE6C1B6242A017B0087E0F3 /* ios_appUITests.swift in Sources */ = {isa = PBXBuildFile; fileRef = 7CE6C1B5242A017B0087E0F3 /* ios_appUITests.swift */; };
		7CE6C1C9242AFDDC0087E0F3 /* FirstNativeViewController.swift in Sources */ = {isa = PBXBuildFile; fileRef = 7CE6C1C8242AFDDC0087E0F3 /* FirstNativeViewController.swift */; };
		7CE6C1CB242AFDF60087E0F3 /* SecondNativeViewController.swift in Sources */ = {isa = PBXBuildFile; fileRef = 7CE6C1CA242AFDF60087E0F3 /* SecondNativeViewController.swift */; };
		9B5C4230B1FE6897A597A968 /* Pods_ios_appTests.framework in Frameworks */ = {isa = PBXBuildFile; fileRef = 6B8DA372171284C153241195 /* Pods_ios_appTests.framework */; };
/* End PBXBuildFile section */

/* Begin PBXContainerItemProxy section */
		7CE6C1A7242A017B0087E0F3 /* PBXContainerItemProxy */ = {
			isa = PBXContainerItemProxy;
			containerPortal = 7CE6C188242A01790087E0F3 /* Project object */;
			proxyType = 1;
			remoteGlobalIDString = 7CE6C18F242A01790087E0F3;
			remoteInfo = ios_app;
		};
		7CE6C1B2242A017B0087E0F3 /* PBXContainerItemProxy */ = {
			isa = PBXContainerItemProxy;
			containerPortal = 7CE6C188242A01790087E0F3 /* Project object */;
			proxyType = 1;
			remoteGlobalIDString = 7CE6C18F242A01790087E0F3;
			remoteInfo = ios_app;
		};
/* End PBXContainerItemProxy section */

/* Begin PBXFileReference section */
		2819A813CAA4AB0D538881B5 /* Pods-ios_app.release.xcconfig */ = {isa = PBXFileReference; includeInIndex = 1; lastKnownFileType = text.xcconfig; name = "Pods-ios_app.release.xcconfig"; path = "Target Support Files/Pods-ios_app/Pods-ios_app.release.xcconfig"; sourceTree = "<group>"; };
		2AEF9F77EED97527C7BB4384 /* Pods-ios_appTests.release.xcconfig */ = {isa = PBXFileReference; includeInIndex = 1; lastKnownFileType = text.xcconfig; name = "Pods-ios_appTests.release.xcconfig"; path = "Target Support Files/Pods-ios_appTests/Pods-ios_appTests.release.xcconfig"; sourceTree = "<group>"; };
		3F61064AF73C90477D57B8EE /* Pods-ios_app-ios_appUITests.release.xcconfig */ = {isa = PBXFileReference; includeInIndex = 1; lastKnownFileType = text.xcconfig; name = "Pods-ios_app-ios_appUITests.release.xcconfig"; path = "Target Support Files/Pods-ios_app-ios_appUITests/Pods-ios_app-ios_appUITests.release.xcconfig"; sourceTree = "<group>"; };
		42DA681821F697FCCD3BBC35 /* Pods_ios_app.framework */ = {isa = PBXFileReference; explicitFileType = wrapper.framework; includeInIndex = 0; path = Pods_ios_app.framework; sourceTree = BUILT_PRODUCTS_DIR; };
		6B8DA372171284C153241195 /* Pods_ios_appTests.framework */ = {isa = PBXFileReference; explicitFileType = wrapper.framework; includeInIndex = 0; path = Pods_ios_appTests.framework; sourceTree = BUILT_PRODUCTS_DIR; };
		7CE6C190242A01790087E0F3 /* ios_app.app */ = {isa = PBXFileReference; explicitFileType = wrapper.application; includeInIndex = 0; path = ios_app.app; sourceTree = BUILT_PRODUCTS_DIR; };
		7CE6C193242A01790087E0F3 /* AppDelegate.swift */ = {isa = PBXFileReference; lastKnownFileType = sourcecode.swift; path = AppDelegate.swift; sourceTree = "<group>"; };
		7CE6C195242A01790087E0F3 /* SceneDelegate.swift */ = {isa = PBXFileReference; lastKnownFileType = sourcecode.swift; path = SceneDelegate.swift; sourceTree = "<group>"; };
		7CE6C197242A01790087E0F3 /* ViewController.swift */ = {isa = PBXFileReference; lastKnownFileType = sourcecode.swift; path = ViewController.swift; sourceTree = "<group>"; };
		7CE6C19A242A01790087E0F3 /* Base */ = {isa = PBXFileReference; lastKnownFileType = file.storyboard; name = Base; path = Base.lproj/Main.storyboard; sourceTree = "<group>"; };
		7CE6C19C242A017A0087E0F3 /* Assets.xcassets */ = {isa = PBXFileReference; lastKnownFileType = folder.assetcatalog; path = Assets.xcassets; sourceTree = "<group>"; };
		7CE6C19F242A017A0087E0F3 /* Base */ = {isa = PBXFileReference; lastKnownFileType = file.storyboard; name = Base; path = Base.lproj/LaunchScreen.storyboard; sourceTree = "<group>"; };
		7CE6C1A1242A017A0087E0F3 /* Info.plist */ = {isa = PBXFileReference; lastKnownFileType = text.plist.xml; path = Info.plist; sourceTree = "<group>"; };
		7CE6C1A6242A017B0087E0F3 /* ios_appTests.xctest */ = {isa = PBXFileReference; explicitFileType = wrapper.cfbundle; includeInIndex = 0; path = ios_appTests.xctest; sourceTree = BUILT_PRODUCTS_DIR; };
		7CE6C1AA242A017B0087E0F3 /* ios_appTests.swift */ = {isa = PBXFileReference; lastKnownFileType = sourcecode.swift; path = ios_appTests.swift; sourceTree = "<group>"; };
		7CE6C1AC242A017B0087E0F3 /* Info.plist */ = {isa = PBXFileReference; lastKnownFileType = text.plist.xml; path = Info.plist; sourceTree = "<group>"; };
		7CE6C1B1242A017B0087E0F3 /* ios_appUITests.xctest */ = {isa = PBXFileReference; explicitFileType = wrapper.cfbundle; includeInIndex = 0; path = ios_appUITests.xctest; sourceTree = BUILT_PRODUCTS_DIR; };
		7CE6C1B5242A017B0087E0F3 /* ios_appUITests.swift */ = {isa = PBXFileReference; lastKnownFileType = sourcecode.swift; path = ios_appUITests.swift; sourceTree = "<group>"; };
		7CE6C1B7242A017B0087E0F3 /* Info.plist */ = {isa = PBXFileReference; lastKnownFileType = text.plist.xml; path = Info.plist; sourceTree = "<group>"; };
		7CE6C1C4242AFAEE0087E0F3 /* ios_app-Bridging-Header.h */ = {isa = PBXFileReference; lastKnownFileType = sourcecode.c.h; path = "ios_app-Bridging-Header.h"; sourceTree = "<group>"; };
		7CE6C1C8242AFDDC0087E0F3 /* FirstNativeViewController.swift */ = {isa = PBXFileReference; lastKnownFileType = sourcecode.swift; path = FirstNativeViewController.swift; sourceTree = "<group>"; };
		7CE6C1CA242AFDF60087E0F3 /* SecondNativeViewController.swift */ = {isa = PBXFileReference; lastKnownFileType = sourcecode.swift; path = SecondNativeViewController.swift; sourceTree = "<group>"; };
		A2044F3D710AB9BF88DD4996 /* Pods-ios_appTests.debug.xcconfig */ = {isa = PBXFileReference; includeInIndex = 1; lastKnownFileType = text.xcconfig; name = "Pods-ios_appTests.debug.xcconfig"; path = "Target Support Files/Pods-ios_appTests/Pods-ios_appTests.debug.xcconfig"; sourceTree = "<group>"; };
		BC2021D1C463F3460719A5BE /* Pods-ios_app.debug.xcconfig */ = {isa = PBXFileReference; includeInIndex = 1; lastKnownFileType = text.xcconfig; name = "Pods-ios_app.debug.xcconfig"; path = "Target Support Files/Pods-ios_app/Pods-ios_app.debug.xcconfig"; sourceTree = "<group>"; };
		F196210805FCB2851CD4AE2C /* Pods-ios_app-ios_appUITests.debug.xcconfig */ = {isa = PBXFileReference; includeInIndex = 1; lastKnownFileType = text.xcconfig; name = "Pods-ios_app-ios_appUITests.debug.xcconfig"; path = "Target Support Files/Pods-ios_app-ios_appUITests/Pods-ios_app-ios_appUITests.debug.xcconfig"; sourceTree = "<group>"; };
		FB708098455B9911E343656E /* Pods_ios_app_ios_appUITests.framework */ = {isa = PBXFileReference; explicitFileType = wrapper.framework; includeInIndex = 0; path = Pods_ios_app_ios_appUITests.framework; sourceTree = BUILT_PRODUCTS_DIR; };
/* End PBXFileReference section */

/* Begin PBXFrameworksBuildPhase section */
		7CE6C18D242A01790087E0F3 /* Frameworks */ = {
			isa = PBXFrameworksBuildPhase;
			buildActionMask = 2147483647;
			files = (
				6FF585AE2ACF8A115D5F70E5 /* Pods_ios_app.framework in Frameworks */,
			);
			runOnlyForDeploymentPostprocessing = 0;
		};
		7CE6C1A3242A017B0087E0F3 /* Frameworks */ = {
			isa = PBXFrameworksBuildPhase;
			buildActionMask = 2147483647;
			files = (
				9B5C4230B1FE6897A597A968 /* Pods_ios_appTests.framework in Frameworks */,
			);
			runOnlyForDeploymentPostprocessing = 0;
		};
		7CE6C1AE242A017B0087E0F3 /* Frameworks */ = {
			isa = PBXFrameworksBuildPhase;
			buildActionMask = 2147483647;
			files = (
				3B2C146D9C95A4CE77BC3451 /* Pods_ios_app_ios_appUITests.framework in Frameworks */,
			);
			runOnlyForDeploymentPostprocessing = 0;
		};
/* End PBXFrameworksBuildPhase section */

/* Begin PBXGroup section */
		4F56A5610FAEA35A368967E1 /* Pods */ = {
			isa = PBXGroup;
			children = (
				BC2021D1C463F3460719A5BE /* Pods-ios_app.debug.xcconfig */,
				2819A813CAA4AB0D538881B5 /* Pods-ios_app.release.xcconfig */,
				F196210805FCB2851CD4AE2C /* Pods-ios_app-ios_appUITests.debug.xcconfig */,
				3F61064AF73C90477D57B8EE /* Pods-ios_app-ios_appUITests.release.xcconfig */,
				A2044F3D710AB9BF88DD4996 /* Pods-ios_appTests.debug.xcconfig */,
				2AEF9F77EED97527C7BB4384 /* Pods-ios_appTests.release.xcconfig */,
			);
			path = Pods;
			sourceTree = "<group>";
		};
		7CE6C187242A01790087E0F3 = {
			isa = PBXGroup;
			children = (
				7CE6C192242A01790087E0F3 /* ios_app */,
				7CE6C1A9242A017B0087E0F3 /* ios_appTests */,
				7CE6C1B4242A017B0087E0F3 /* ios_appUITests */,
				7CE6C191242A01790087E0F3 /* Products */,
				4F56A5610FAEA35A368967E1 /* Pods */,
				ABC433D0C7DBCDA73160840F /* Frameworks */,
			);
			sourceTree = "<group>";
		};
		7CE6C191242A01790087E0F3 /* Products */ = {
			isa = PBXGroup;
			children = (
				7CE6C190242A01790087E0F3 /* ios_app.app */,
				7CE6C1A6242A017B0087E0F3 /* ios_appTests.xctest */,
				7CE6C1B1242A017B0087E0F3 /* ios_appUITests.xctest */,
			);
			name = Products;
			sourceTree = "<group>";
		};
		7CE6C192242A01790087E0F3 /* ios_app */ = {
			isa = PBXGroup;
			children = (
				7CE6C1C3242AFAD80087E0F3 /* Config */,
				7CE6C193242A01790087E0F3 /* AppDelegate.swift */,
				7CE6C195242A01790087E0F3 /* SceneDelegate.swift */,
				7CE6C197242A01790087E0F3 /* ViewController.swift */,
				7CE6C199242A01790087E0F3 /* Main.storyboard */,
				7CE6C19C242A017A0087E0F3 /* Assets.xcassets */,
				7CE6C19E242A017A0087E0F3 /* LaunchScreen.storyboard */,
				7CE6C1A1242A017A0087E0F3 /* Info.plist */,
				7CE6C1C8242AFDDC0087E0F3 /* FirstNativeViewController.swift */,
				7CE6C1CA242AFDF60087E0F3 /* SecondNativeViewController.swift */,
			);
			path = ios_app;
			sourceTree = "<group>";
		};
		7CE6C1A9242A017B0087E0F3 /* ios_appTests */ = {
			isa = PBXGroup;
			children = (
				7CE6C1AA242A017B0087E0F3 /* ios_appTests.swift */,
				7CE6C1AC242A017B0087E0F3 /* Info.plist */,
			);
			path = ios_appTests;
			sourceTree = "<group>";
		};
		7CE6C1B4242A017B0087E0F3 /* ios_appUITests */ = {
			isa = PBXGroup;
			children = (
				7CE6C1B5242A017B0087E0F3 /* ios_appUITests.swift */,
				7CE6C1B7242A017B0087E0F3 /* Info.plist */,
			);
			path = ios_appUITests;
			sourceTree = "<group>";
		};
		7CE6C1C3242AFAD80087E0F3 /* Config */ = {
			isa = PBXGroup;
			children = (
				7CE6C1C4242AFAEE0087E0F3 /* ios_app-Bridging-Header.h */,
			);
			path = Config;
			sourceTree = "<group>";
		};
		ABC433D0C7DBCDA73160840F /* Frameworks */ = {
			isa = PBXGroup;
			children = (
				42DA681821F697FCCD3BBC35 /* Pods_ios_app.framework */,
				FB708098455B9911E343656E /* Pods_ios_app_ios_appUITests.framework */,
				6B8DA372171284C153241195 /* Pods_ios_appTests.framework */,
			);
			name = Frameworks;
			sourceTree = "<group>";
		};
/* End PBXGroup section */

/* Begin PBXNativeTarget section */
		7CE6C18F242A01790087E0F3 /* ios_app */ = {
			isa = PBXNativeTarget;
			buildConfigurationList = 7CE6C1BA242A017B0087E0F3 /* Build configuration list for PBXNativeTarget "ios_app" */;
			buildPhases = (
				05188FB405F9F76B8EC38D33 /* [CP] Check Pods Manifest.lock */,
				A28BB8D2BE5036896B6F51C6 /* [CP-User] Run Flutter Build Script */,
				7CE6C18C242A01790087E0F3 /* Sources */,
				7CE6C18D242A01790087E0F3 /* Frameworks */,
				7CE6C18E242A01790087E0F3 /* Resources */,
				B34C5C0C7F16C10D1A2F97CB /* [CP] Embed Pods Frameworks */,
			);
			buildRules = (
			);
			dependencies = (
			);
			name = ios_app;
			productName = ios_app;
			productReference = 7CE6C190242A01790087E0F3 /* ios_app.app */;
			productType = "com.apple.product-type.application";
		};
		7CE6C1A5242A017B0087E0F3 /* ios_appTests */ = {
			isa = PBXNativeTarget;
			buildConfigurationList = 7CE6C1BD242A017B0087E0F3 /* Build configuration list for PBXNativeTarget "ios_appTests" */;
			buildPhases = (
				1DAEC8FEBDC8944CE758D7CF /* [CP] Check Pods Manifest.lock */,
				7CE6C1A2242A017B0087E0F3 /* Sources */,
				7CE6C1A3242A017B0087E0F3 /* Frameworks */,
				7CE6C1A4242A017B0087E0F3 /* Resources */,
			);
			buildRules = (
			);
			dependencies = (
				7CE6C1A8242A017B0087E0F3 /* PBXTargetDependency */,
			);
			name = ios_appTests;
			productName = ios_appTests;
			productReference = 7CE6C1A6242A017B0087E0F3 /* ios_appTests.xctest */;
			productType = "com.apple.product-type.bundle.unit-test";
		};
		7CE6C1B0242A017B0087E0F3 /* ios_appUITests */ = {
			isa = PBXNativeTarget;
			buildConfigurationList = 7CE6C1C0242A017B0087E0F3 /* Build configuration list for PBXNativeTarget "ios_appUITests" */;
			buildPhases = (
				D66716D18DDE4AA5DD26668C /* [CP] Check Pods Manifest.lock */,
				7CE6C1AD242A017B0087E0F3 /* Sources */,
				7CE6C1AE242A017B0087E0F3 /* Frameworks */,
				7CE6C1AF242A017B0087E0F3 /* Resources */,
				87A459BCA5A6884E795BD61E /* [CP] Embed Pods Frameworks */,
			);
			buildRules = (
			);
			dependencies = (
				7CE6C1B3242A017B0087E0F3 /* PBXTargetDependency */,
			);
			name = ios_appUITests;
			productName = ios_appUITests;
			productReference = 7CE6C1B1242A017B0087E0F3 /* ios_appUITests.xctest */;
			productType = "com.apple.product-type.bundle.ui-testing";
		};
/* End PBXNativeTarget section */

/* Begin PBXProject section */
		7CE6C188242A01790087E0F3 /* Project object */ = {
			isa = PBXProject;
			attributes = {
				LastSwiftUpdateCheck = 1130;
				LastUpgradeCheck = 1130;
				ORGANIZATIONNAME = zhangwanqing;
				TargetAttributes = {
					7CE6C18F242A01790087E0F3 = {
						CreatedOnToolsVersion = 11.3.1;
						LastSwiftMigration = 1130;
					};
					7CE6C1A5242A017B0087E0F3 = {
						CreatedOnToolsVersion = 11.3.1;
						TestTargetID = 7CE6C18F242A01790087E0F3;
					};
					7CE6C1B0242A017B0087E0F3 = {
						CreatedOnToolsVersion = 11.3.1;
						TestTargetID = 7CE6C18F242A01790087E0F3;
					};
				};
			};
			buildConfigurationList = 7CE6C18B242A01790087E0F3 /* Build configuration list for PBXProject "ios_app" */;
			compatibilityVersion = "Xcode 9.3";
			developmentRegion = en;
			hasScannedForEncodings = 0;
			knownRegions = (
				en,
				Base,
			);
			mainGroup = 7CE6C187242A01790087E0F3;
			productRefGroup = 7CE6C191242A01790087E0F3 /* Products */;
			projectDirPath = "";
			projectRoot = "";
			targets = (
				7CE6C18F242A01790087E0F3 /* ios_app */,
				7CE6C1A5242A017B0087E0F3 /* ios_appTests */,
				7CE6C1B0242A017B0087E0F3 /* ios_appUITests */,
			);
		};
/* End PBXProject section */

/* Begin PBXResourcesBuildPhase section */
		7CE6C18E242A01790087E0F3 /* Resources */ = {
			isa = PBXResourcesBuildPhase;
			buildActionMask = 2147483647;
			files = (
				7CE6C1A0242A017A0087E0F3 /* LaunchScreen.storyboard in Resources */,
				7CE6C19D242A017A0087E0F3 /* Assets.xcassets in Resources */,
				7CE6C19B242A01790087E0F3 /* Main.storyboard in Resources */,
			);
			runOnlyForDeploymentPostprocessing = 0;
		};
		7CE6C1A4242A017B0087E0F3 /* Resources */ = {
			isa = PBXResourcesBuildPhase;
			buildActionMask = 2147483647;
			files = (
			);
			runOnlyForDeploymentPostprocessing = 0;
		};
		7CE6C1AF242A017B0087E0F3 /* Resources */ = {
			isa = PBXResourcesBuildPhase;
			buildActionMask = 2147483647;
			files = (
			);
			runOnlyForDeploymentPostprocessing = 0;
		};
/* End PBXResourcesBuildPhase section */

/* Begin PBXShellScriptBuildPhase section */
		05188FB405F9F76B8EC38D33 /* [CP] Check Pods Manifest.lock */ = {
			isa = PBXShellScriptBuildPhase;
			buildActionMask = 2147483647;
			files = (
			);
			inputFileListPaths = (
			);
			inputPaths = (
				"${PODS_PODFILE_DIR_PATH}/Podfile.lock",
				"${PODS_ROOT}/Manifest.lock",
			);
			name = "[CP] Check Pods Manifest.lock";
			outputFileListPaths = (
			);
			outputPaths = (
				"$(DERIVED_FILE_DIR)/Pods-ios_app-checkManifestLockResult.txt",
			);
			runOnlyForDeploymentPostprocessing = 0;
			shellPath = /bin/sh;
			shellScript = "diff \"${PODS_PODFILE_DIR_PATH}/Podfile.lock\" \"${PODS_ROOT}/Manifest.lock\" > /dev/null\nif [ $? != 0 ] ; then\n    # print error to STDERR\n    echo \"error: The sandbox is not in sync with the Podfile.lock. Run 'pod install' or update your CocoaPods installation.\" >&2\n    exit 1\nfi\n# This output is used by Xcode 'outputs' to avoid re-running this script phase.\necho \"SUCCESS\" > \"${SCRIPT_OUTPUT_FILE_0}\"\n";
			showEnvVarsInLog = 0;
		};
		1DAEC8FEBDC8944CE758D7CF /* [CP] Check Pods Manifest.lock */ = {
			isa = PBXShellScriptBuildPhase;
			buildActionMask = 2147483647;
			files = (
			);
			inputFileListPaths = (
			);
			inputPaths = (
				"${PODS_PODFILE_DIR_PATH}/Podfile.lock",
				"${PODS_ROOT}/Manifest.lock",
			);
			name = "[CP] Check Pods Manifest.lock";
			outputFileListPaths = (
			);
			outputPaths = (
				"$(DERIVED_FILE_DIR)/Pods-ios_appTests-checkManifestLockResult.txt",
			);
			runOnlyForDeploymentPostprocessing = 0;
			shellPath = /bin/sh;
			shellScript = "diff \"${PODS_PODFILE_DIR_PATH}/Podfile.lock\" \"${PODS_ROOT}/Manifest.lock\" > /dev/null\nif [ $? != 0 ] ; then\n    # print error to STDERR\n    echo \"error: The sandbox is not in sync with the Podfile.lock. Run 'pod install' or update your CocoaPods installation.\" >&2\n    exit 1\nfi\n# This output is used by Xcode 'outputs' to avoid re-running this script phase.\necho \"SUCCESS\" > \"${SCRIPT_OUTPUT_FILE_0}\"\n";
			showEnvVarsInLog = 0;
		};
		87A459BCA5A6884E795BD61E /* [CP] Embed Pods Frameworks */ = {
			isa = PBXShellScriptBuildPhase;
			buildActionMask = 2147483647;
			files = (
			);
			inputFileListPaths = (
				"${PODS_ROOT}/Target Support Files/Pods-ios_app-ios_appUITests/Pods-ios_app-ios_appUITests-frameworks-${CONFIGURATION}-input-files.xcfilelist",
			);
			name = "[CP] Embed Pods Frameworks";
			outputFileListPaths = (
				"${PODS_ROOT}/Target Support Files/Pods-ios_app-ios_appUITests/Pods-ios_app-ios_appUITests-frameworks-${CONFIGURATION}-output-files.xcfilelist",
			);
			runOnlyForDeploymentPostprocessing = 0;
			shellPath = /bin/sh;
			shellScript = "\"${PODS_ROOT}/Target Support Files/Pods-ios_app-ios_appUITests/Pods-ios_app-ios_appUITests-frameworks.sh\"\n";
			showEnvVarsInLog = 0;
		};
		A28BB8D2BE5036896B6F51C6 /* [CP-User] Run Flutter Build Script */ = {
			isa = PBXShellScriptBuildPhase;
			buildActionMask = 2147483647;
			files = (
			);
			inputPaths = (
				"${SRCROOT}/../my_flutter/.metadata",
				"${SRCROOT}/../my_flutter/.ios/Flutter/App.framework/App",
				"${SRCROOT}/../my_flutter/.ios/Flutter/engine/Flutter.framework/Flutter",
				"${SRCROOT}/../my_flutter/.ios/Flutter/flutter_export_environment.sh",
			);
			name = "[CP-User] Run Flutter Build Script";
			runOnlyForDeploymentPostprocessing = 0;
			shellPath = /bin/sh;
			shellScript = "set -e\nset -u\nsource \"${SRCROOT}/../my_flutter/.ios/Flutter/flutter_export_environment.sh\"\n\"$FLUTTER_ROOT\"/packages/flutter_tools/bin/xcode_backend.sh build";
		};
		B34C5C0C7F16C10D1A2F97CB /* [CP] Embed Pods Frameworks */ = {
			isa = PBXShellScriptBuildPhase;
			buildActionMask = 2147483647;
			files = (
			);
			inputFileListPaths = (
				"${PODS_ROOT}/Target Support Files/Pods-ios_app/Pods-ios_app-frameworks-${CONFIGURATION}-input-files.xcfilelist",
			);
			name = "[CP] Embed Pods Frameworks";
			outputFileListPaths = (
				"${PODS_ROOT}/Target Support Files/Pods-ios_app/Pods-ios_app-frameworks-${CONFIGURATION}-output-files.xcfilelist",
			);
			runOnlyForDeploymentPostprocessing = 0;
			shellPath = /bin/sh;
			shellScript = "\"${PODS_ROOT}/Target Support Files/Pods-ios_app/Pods-ios_app-frameworks.sh\"\n";
			showEnvVarsInLog = 0;
		};
		D66716D18DDE4AA5DD26668C /* [CP] Check Pods Manifest.lock */ = {
			isa = PBXShellScriptBuildPhase;
			buildActionMask = 2147483647;
			files = (
			);
			inputFileListPaths = (
			);
			inputPaths = (
				"${PODS_PODFILE_DIR_PATH}/Podfile.lock",
				"${PODS_ROOT}/Manifest.lock",
			);
			name = "[CP] Check Pods Manifest.lock";
			outputFileListPaths = (
			);
			outputPaths = (
				"$(DERIVED_FILE_DIR)/Pods-ios_app-ios_appUITests-checkManifestLockResult.txt",
			);
			runOnlyForDeploymentPostprocessing = 0;
			shellPath = /bin/sh;
			shellScript = "diff \"${PODS_PODFILE_DIR_PATH}/Podfile.lock\" \"${PODS_ROOT}/Manifest.lock\" > /dev/null\nif [ $? != 0 ] ; then\n    # print error to STDERR\n    echo \"error: The sandbox is not in sync with the Podfile.lock. Run 'pod install' or update your CocoaPods installation.\" >&2\n    exit 1\nfi\n# This output is used by Xcode 'outputs' to avoid re-running this script phase.\necho \"SUCCESS\" > \"${SCRIPT_OUTPUT_FILE_0}\"\n";
			showEnvVarsInLog = 0;
		};
/* End PBXShellScriptBuildPhase section */

/* Begin PBXSourcesBuildPhase section */
		7CE6C18C242A01790087E0F3 /* Sources */ = {
			isa = PBXSourcesBuildPhase;
			buildActionMask = 2147483647;
			files = (
				7CE6C1C9242AFDDC0087E0F3 /* FirstNativeViewController.swift in Sources */,
				7CE6C198242A01790087E0F3 /* ViewController.swift in Sources */,
				7CE6C194242A01790087E0F3 /* AppDelegate.swift in Sources */,
				7CE6C1CB242AFDF60087E0F3 /* SecondNativeViewController.swift in Sources */,
				7CE6C196242A01790087E0F3 /* SceneDelegate.swift in Sources */,
			);
			runOnlyForDeploymentPostprocessing = 0;
		};
		7CE6C1A2242A017B0087E0F3 /* Sources */ = {
			isa = PBXSourcesBuildPhase;
			buildActionMask = 2147483647;
			files = (
				7CE6C1AB242A017B0087E0F3 /* ios_appTests.swift in Sources */,
			);
			runOnlyForDeploymentPostprocessing = 0;
		};
		7CE6C1AD242A017B0087E0F3 /* Sources */ = {
			isa = PBXSourcesBuildPhase;
			buildActionMask = 2147483647;
			files = (
				7CE6C1B6242A017B0087E0F3 /* ios_appUITests.swift in Sources */,
			);
			runOnlyForDeploymentPostprocessing = 0;
		};
/* End PBXSourcesBuildPhase section */

/* Begin PBXTargetDependency section */
		7CE6C1A8242A017B0087E0F3 /* PBXTargetDependency */ = {
			isa = PBXTargetDependency;
			target = 7CE6C18F242A01790087E0F3 /* ios_app */;
			targetProxy = 7CE6C1A7242A017B0087E0F3 /* PBXContainerItemProxy */;
		};
		7CE6C1B3242A017B0087E0F3 /* PBXTargetDependency */ = {
			isa = PBXTargetDependency;
			target = 7CE6C18F242A01790087E0F3 /* ios_app */;
			targetProxy = 7CE6C1B2242A017B0087E0F3 /* PBXContainerItemProxy */;
		};
/* End PBXTargetDependency section */

/* Begin PBXVariantGroup section */
		7CE6C199242A01790087E0F3 /* Main.storyboard */ = {
			isa = PBXVariantGroup;
			children = (
				7CE6C19A242A01790087E0F3 /* Base */,
			);
			name = Main.storyboard;
			sourceTree = "<group>";
		};
		7CE6C19E242A017A0087E0F3 /* LaunchScreen.storyboard */ = {
			isa = PBXVariantGroup;
			children = (
				7CE6C19F242A017A0087E0F3 /* Base */,
			);
			name = LaunchScreen.storyboard;
			sourceTree = "<group>";
		};
/* End PBXVariantGroup section */

/* Begin XCBuildConfiguration section */
		7CE6C1B8242A017B0087E0F3 /* Debug */ = {
			isa = XCBuildConfiguration;
			buildSettings = {
				ALWAYS_SEARCH_USER_PATHS = NO;
				CLANG_ANALYZER_NONNULL = YES;
				CLANG_ANALYZER_NUMBER_OBJECT_CONVERSION = YES_AGGRESSIVE;
				CLANG_CXX_LANGUAGE_STANDARD = "gnu++14";
				CLANG_CXX_LIBRARY = "libc++";
				CLANG_ENABLE_MODULES = YES;
				CLANG_ENABLE_OBJC_ARC = YES;
				CLANG_ENABLE_OBJC_WEAK = YES;
				CLANG_WARN_BLOCK_CAPTURE_AUTORELEASING = YES;
				CLANG_WARN_BOOL_CONVERSION = YES;
				CLANG_WARN_COMMA = YES;
				CLANG_WARN_CONSTANT_CONVERSION = YES;
				CLANG_WARN_DEPRECATED_OBJC_IMPLEMENTATIONS = YES;
				CLANG_WARN_DIRECT_OBJC_ISA_USAGE = YES_ERROR;
				CLANG_WARN_DOCUMENTATION_COMMENTS = YES;
				CLANG_WARN_EMPTY_BODY = YES;
				CLANG_WARN_ENUM_CONVERSION = YES;
				CLANG_WARN_INFINITE_RECURSION = YES;
				CLANG_WARN_INT_CONVERSION = YES;
				CLANG_WARN_NON_LITERAL_NULL_CONVERSION = YES;
				CLANG_WARN_OBJC_IMPLICIT_RETAIN_SELF = YES;
				CLANG_WARN_OBJC_LITERAL_CONVERSION = YES;
				CLANG_WARN_OBJC_ROOT_CLASS = YES_ERROR;
				CLANG_WARN_RANGE_LOOP_ANALYSIS = YES;
				CLANG_WARN_STRICT_PROTOTYPES = YES;
				CLANG_WARN_SUSPICIOUS_MOVE = YES;
				CLANG_WARN_UNGUARDED_AVAILABILITY = YES_AGGRESSIVE;
				CLANG_WARN_UNREACHABLE_CODE = YES;
				CLANG_WARN__DUPLICATE_METHOD_MATCH = YES;
				COPY_PHASE_STRIP = NO;
				DEBUG_INFORMATION_FORMAT = dwarf;
				ENABLE_STRICT_OBJC_MSGSEND = YES;
				ENABLE_TESTABILITY = YES;
				GCC_C_LANGUAGE_STANDARD = gnu11;
				GCC_DYNAMIC_NO_PIC = NO;
				GCC_NO_COMMON_BLOCKS = YES;
				GCC_OPTIMIZATION_LEVEL = 0;
				GCC_PREPROCESSOR_DEFINITIONS = (
					"DEBUG=1",
					"$(inherited)",
				);
				GCC_WARN_64_TO_32_BIT_CONVERSION = YES;
				GCC_WARN_ABOUT_RETURN_TYPE = YES_ERROR;
				GCC_WARN_UNDECLARED_SELECTOR = YES;
				GCC_WARN_UNINITIALIZED_AUTOS = YES_AGGRESSIVE;
				GCC_WARN_UNUSED_FUNCTION = YES;
				GCC_WARN_UNUSED_VARIABLE = YES;
				IPHONEOS_DEPLOYMENT_TARGET = 13.2;
				MTL_ENABLE_DEBUG_INFO = INCLUDE_SOURCE;
				MTL_FAST_MATH = YES;
				ONLY_ACTIVE_ARCH = YES;
				SDKROOT = iphoneos;
				SWIFT_ACTIVE_COMPILATION_CONDITIONS = DEBUG;
				SWIFT_OPTIMIZATION_LEVEL = "-Onone";
			};
			name = Debug;
		};
		7CE6C1B9242A017B0087E0F3 /* Release */ = {
			isa = XCBuildConfiguration;
			buildSettings = {
				ALWAYS_SEARCH_USER_PATHS = NO;
				CLANG_ANALYZER_NONNULL = YES;
				CLANG_ANALYZER_NUMBER_OBJECT_CONVERSION = YES_AGGRESSIVE;
				CLANG_CXX_LANGUAGE_STANDARD = "gnu++14";
				CLANG_CXX_LIBRARY = "libc++";
				CLANG_ENABLE_MODULES = YES;
				CLANG_ENABLE_OBJC_ARC = YES;
				CLANG_ENABLE_OBJC_WEAK = YES;
				CLANG_WARN_BLOCK_CAPTURE_AUTORELEASING = YES;
				CLANG_WARN_BOOL_CONVERSION = YES;
				CLANG_WARN_COMMA = YES;
				CLANG_WARN_CONSTANT_CONVERSION = YES;
				CLANG_WARN_DEPRECATED_OBJC_IMPLEMENTATIONS = YES;
				CLANG_WARN_DIRECT_OBJC_ISA_USAGE = YES_ERROR;
				CLANG_WARN_DOCUMENTATION_COMMENTS = YES;
				CLANG_WARN_EMPTY_BODY = YES;
				CLANG_WARN_ENUM_CONVERSION = YES;
				CLANG_WARN_INFINITE_RECURSION = YES;
				CLANG_WARN_INT_CONVERSION = YES;
				CLANG_WARN_NON_LITERAL_NULL_CONVERSION = YES;
				CLANG_WARN_OBJC_IMPLICIT_RETAIN_SELF = YES;
				CLANG_WARN_OBJC_LITERAL_CONVERSION = YES;
				CLANG_WARN_OBJC_ROOT_CLASS = YES_ERROR;
				CLANG_WARN_RANGE_LOOP_ANALYSIS = YES;
				CLANG_WARN_STRICT_PROTOTYPES = YES;
				CLANG_WARN_SUSPICIOUS_MOVE = YES;
				CLANG_WARN_UNGUARDED_AVAILABILITY = YES_AGGRESSIVE;
				CLANG_WARN_UNREACHABLE_CODE = YES;
				CLANG_WARN__DUPLICATE_METHOD_MATCH = YES;
				COPY_PHASE_STRIP = NO;
				DEBUG_INFORMATION_FORMAT = "dwarf-with-dsym";
				ENABLE_NS_ASSERTIONS = NO;
				ENABLE_STRICT_OBJC_MSGSEND = YES;
				GCC_C_LANGUAGE_STANDARD = gnu11;
				GCC_NO_COMMON_BLOCKS = YES;
				GCC_WARN_64_TO_32_BIT_CONVERSION = YES;
				GCC_WARN_ABOUT_RETURN_TYPE = YES_ERROR;
				GCC_WARN_UNDECLARED_SELECTOR = YES;
				GCC_WARN_UNINITIALIZED_AUTOS = YES_AGGRESSIVE;
				GCC_WARN_UNUSED_FUNCTION = YES;
				GCC_WARN_UNUSED_VARIABLE = YES;
				IPHONEOS_DEPLOYMENT_TARGET = 13.2;
				MTL_ENABLE_DEBUG_INFO = NO;
				MTL_FAST_MATH = YES;
				SDKROOT = iphoneos;
				SWIFT_COMPILATION_MODE = wholemodule;
				SWIFT_OPTIMIZATION_LEVEL = "-O";
				VALIDATE_PRODUCT = YES;
			};
			name = Release;
		};
		7CE6C1BB242A017B0087E0F3 /* Debug */ = {
			isa = XCBuildConfiguration;
			baseConfigurationReference = BC2021D1C463F3460719A5BE /* Pods-ios_app.debug.xcconfig */;
			buildSettings = {
				ASSETCATALOG_COMPILER_APPICON_NAME = AppIcon;
				CLANG_ENABLE_MODULES = YES;
				CODE_SIGN_STYLE = Automatic;
				DEVELOPMENT_TEAM = 347MZL6R8F;
				ENABLE_BITCODE = NO;
				INFOPLIST_FILE = ios_app/Info.plist;
				LD_RUNPATH_SEARCH_PATHS = (
					"$(inherited)",
					"@executable_path/Frameworks",
				);
				PRODUCT_BUNDLE_IDENTIFIER = "hk.com.chinalife.ios-app";
				PRODUCT_NAME = "$(TARGET_NAME)";
				SWIFT_OBJC_BRIDGING_HEADER = "ios_app/Config/ios_app-Bridging-Header.h";
				SWIFT_OPTIMIZATION_LEVEL = "-Onone";
				SWIFT_VERSION = 5.0;
				TARGETED_DEVICE_FAMILY = "1,2";
			};
			name = Debug;
		};
		7CE6C1BC242A017B0087E0F3 /* Release */ = {
			isa = XCBuildConfiguration;
			baseConfigurationReference = 2819A813CAA4AB0D538881B5 /* Pods-ios_app.release.xcconfig */;
			buildSettings = {
				ASSETCATALOG_COMPILER_APPICON_NAME = AppIcon;
				CLANG_ENABLE_MODULES = YES;
				CODE_SIGN_STYLE = Automatic;
				DEVELOPMENT_TEAM = 347MZL6R8F;
				ENABLE_BITCODE = NO;
				INFOPLIST_FILE = ios_app/Info.plist;
				LD_RUNPATH_SEARCH_PATHS = (
					"$(inherited)",
					"@executable_path/Frameworks",
				);
				PRODUCT_BUNDLE_IDENTIFIER = "hk.com.chinalife.ios-app";
				PRODUCT_NAME = "$(TARGET_NAME)";
				SWIFT_OBJC_BRIDGING_HEADER = "ios_app/Config/ios_app-Bridging-Header.h";
				SWIFT_VERSION = 5.0;
				TARGETED_DEVICE_FAMILY = "1,2";
			};
			name = Release;
		};
		7CE6C1BE242A017B0087E0F3 /* Debug */ = {
			isa = XCBuildConfiguration;
			baseConfigurationReference = A2044F3D710AB9BF88DD4996 /* Pods-ios_appTests.debug.xcconfig */;
			buildSettings = {
				ALWAYS_EMBED_SWIFT_STANDARD_LIBRARIES = YES;
				BUNDLE_LOADER = "$(TEST_HOST)";
				CODE_SIGN_STYLE = Automatic;
				DEVELOPMENT_TEAM = 347MZL6R8F;
				INFOPLIST_FILE = ios_appTests/Info.plist;
				IPHONEOS_DEPLOYMENT_TARGET = 13.2;
				LD_RUNPATH_SEARCH_PATHS = (
					"$(inherited)",
					"@executable_path/Frameworks",
					"@loader_path/Frameworks",
				);
				PRODUCT_BUNDLE_IDENTIFIER = "hk.com.chinalife.ios-appTests";
				PRODUCT_NAME = "$(TARGET_NAME)";
				SWIFT_VERSION = 5.0;
				TARGETED_DEVICE_FAMILY = "1,2";
				TEST_HOST = "$(BUILT_PRODUCTS_DIR)/ios_app.app/ios_app";
			};
			name = Debug;
		};
		7CE6C1BF242A017B0087E0F3 /* Release */ = {
			isa = XCBuildConfiguration;
			baseConfigurationReference = 2AEF9F77EED97527C7BB4384 /* Pods-ios_appTests.release.xcconfig */;
			buildSettings = {
				ALWAYS_EMBED_SWIFT_STANDARD_LIBRARIES = YES;
				BUNDLE_LOADER = "$(TEST_HOST)";
				CODE_SIGN_STYLE = Automatic;
				DEVELOPMENT_TEAM = 347MZL6R8F;
				INFOPLIST_FILE = ios_appTests/Info.plist;
				IPHONEOS_DEPLOYMENT_TARGET = 13.2;
				LD_RUNPATH_SEARCH_PATHS = (
					"$(inherited)",
					"@executable_path/Frameworks",
					"@loader_path/Frameworks",
				);
				PRODUCT_BUNDLE_IDENTIFIER = "hk.com.chinalife.ios-appTests";
				PRODUCT_NAME = "$(TARGET_NAME)";
				SWIFT_VERSION = 5.0;
				TARGETED_DEVICE_FAMILY = "1,2";
				TEST_HOST = "$(BUILT_PRODUCTS_DIR)/ios_app.app/ios_app";
			};
			name = Release;
		};
		7CE6C1C1242A017B0087E0F3 /* Debug */ = {
			isa = XCBuildConfiguration;
			baseConfigurationReference = F196210805FCB2851CD4AE2C /* Pods-ios_app-ios_appUITests.debug.xcconfig */;
			buildSettings = {
				ALWAYS_EMBED_SWIFT_STANDARD_LIBRARIES = YES;
				CODE_SIGN_STYLE = Automatic;
				DEVELOPMENT_TEAM = 347MZL6R8F;
				INFOPLIST_FILE = ios_appUITests/Info.plist;
				LD_RUNPATH_SEARCH_PATHS = (
					"$(inherited)",
					"@executable_path/Frameworks",
					"@loader_path/Frameworks",
				);
				PRODUCT_BUNDLE_IDENTIFIER = "hk.com.chinalife.ios-appUITests";
				PRODUCT_NAME = "$(TARGET_NAME)";
				SWIFT_VERSION = 5.0;
				TARGETED_DEVICE_FAMILY = "1,2";
				TEST_TARGET_NAME = ios_app;
			};
			name = Debug;
		};
		7CE6C1C2242A017B0087E0F3 /* Release */ = {
			isa = XCBuildConfiguration;
			baseConfigurationReference = 3F61064AF73C90477D57B8EE /* Pods-ios_app-ios_appUITests.release.xcconfig */;
			buildSettings = {
				ALWAYS_EMBED_SWIFT_STANDARD_LIBRARIES = YES;
				CODE_SIGN_STYLE = Automatic;
				DEVELOPMENT_TEAM = 347MZL6R8F;
				INFOPLIST_FILE = ios_appUITests/Info.plist;
				LD_RUNPATH_SEARCH_PATHS = (
					"$(inherited)",
					"@executable_path/Frameworks",
					"@loader_path/Frameworks",
				);
				PRODUCT_BUNDLE_IDENTIFIER = "hk.com.chinalife.ios-appUITests";
				PRODUCT_NAME = "$(TARGET_NAME)";
				SWIFT_VERSION = 5.0;
				TARGETED_DEVICE_FAMILY = "1,2";
				TEST_TARGET_NAME = ios_app;
			};
			name = Release;
		};
/* End XCBuildConfiguration section */

/* Begin XCConfigurationList section */
		7CE6C18B242A01790087E0F3 /* Build configuration list for PBXProject "ios_app" */ = {
			isa = XCConfigurationList;
			buildConfigurations = (
				7CE6C1B8242A017B0087E0F3 /* Debug */,
				7CE6C1B9242A017B0087E0F3 /* Release */,
			);
			defaultConfigurationIsVisible = 0;
			defaultConfigurationName = Release;
		};
		7CE6C1BA242A017B0087E0F3 /* Build configuration list for PBXNativeTarget "ios_app" */ = {
			isa = XCConfigurationList;
			buildConfigurations = (
				7CE6C1BB242A017B0087E0F3 /* Debug */,
				7CE6C1BC242A017B0087E0F3 /* Release */,
			);
			defaultConfigurationIsVisible = 0;
			defaultConfigurationName = Release;
		};
		7CE6C1BD242A017B0087E0F3 /* Build configuration list for PBXNativeTarget "ios_appTests" */ = {
			isa = XCConfigurationList;
			buildConfigurations = (
				7CE6C1BE242A017B0087E0F3 /* Debug */,
				7CE6C1BF242A017B0087E0F3 /* Release */,
			);
			defaultConfigurationIsVisible = 0;
			defaultConfigurationName = Release;
		};
		7CE6C1C0242A017B0087E0F3 /* Build configuration list for PBXNativeTarget "ios_appUITests" */ = {
			isa = XCConfigurationList;
			buildConfigurations = (
				7CE6C1C1242A017B0087E0F3 /* Debug */,
				7CE6C1C2242A017B0087E0F3 /* Release */,
			);
			defaultConfigurationIsVisible = 0;
			defaultConfigurationName = Release;
		};
/* End XCConfigurationList section */
	};
	rootObject = 7CE6C188242A01790087E0F3 /* Project object */;
}
