PODS:
  - Flutter (1.0.0)
  - FlutterPluginRegistrant (0.0.1):
    - Flutter
  - my_flutter (0.0.1):
    - Flutter

DEPENDENCIES:
  - Flutter (from `../my_flutter/.ios/Flutter/engine`)
  - FlutterPluginRegistrant (from `../my_flutter/.ios/Flutter/FlutterPluginRegistrant`)
  - my_flutter (from `../my_flutter/.ios/Flutter`)

EXTERNAL SOURCES:
  Flutter:
    :path: "../my_flutter/.ios/Flutter/engine"
  FlutterPluginRegistrant:
    :path: "../my_flutter/.ios/Flutter/FlutterPluginRegistrant"
  my_flutter:
    :path: "../my_flutter/.ios/Flutter"

SPEC CHECKSUMS:
  Flutter: 58dd7d1b27887414a370fcccb9e645c08ffd7a6a
  FlutterPluginRegistrant: d59dd07dd90e9c6430996073575a5bd1ea19677e
  my_flutter: c0ca42721b3297bc8d54e93782ac00730d3bd1a1

PODFILE CHECKSUM: a5502ab0557fc38bc686488c7bb143e53beaa554

COCOAPODS: 1.9.1
